# @generated by Move, please check-in and do not edit manually.

[move]
version = 3
manifest_digest = "0D3C8336087F630B373031716E4AB11164DFF99F0277C92B1F30352C9E445860"
deps_digest = "F8BBB0CCB2491CA29A3DF03D6F92277A4F3574266507ACD77214D37ECA3F3082"
dependencies = [
  { id = "Sui", name = "Sui" },
]

[[move.package]]
id = "MoveStdlib"
source = { git = "https://github.com/MystenLabs/sui.git", rev = "framework/testnet", subdir = "crates/sui-framework/packages/move-stdlib" }

[[move.package]]
id = "Sui"
source = { git = "https://github.com/MystenLabs/sui.git", rev = "framework/testnet", subdir = "crates/sui-framework/packages/sui-framework" }

dependencies = [
  { id = "MoveStdlib", name = "MoveStdlib" },
]

[move.toolchain-version]
compiler-version = "1.45.0"
edition = "2024.beta"
flavor = "sui"

[env]

[env.devnet]
chain-id = "f12dda03"
original-published-id = "0xfc03575ac9fdaaa3c893b8a19b80dd985062ff10cf13fa138968914e5e275a46"
latest-published-id = "0xfc03575ac9fdaaa3c893b8a19b80dd985062ff10cf13fa138968914e5e275a46"
published-version = "1"
